// !$*UTF8*$!
{
	archiveVersion = 1;
	classes = {
	};
	objectVersion = 56;
	objects = {

/* Begin PBXBuildFile section */
		F044C3F72C4405FB00F16145 /* ForgotPasswordViewController.swift in Sources */ = {isa = PBXBuildFile; fileRef = F044C3F62C4405FB00F16145 /* ForgotPasswordViewController.swift */; };
		F058C1402C31B84400D127C0 /* AppDelegate.swift in Sources */ = {isa = PBXBuildFile; fileRef = F058C13F2C31B84400D127C0 /* AppDelegate.swift */; };
		F058C1422C31B84400D127C0 /* SceneDelegate.swift in Sources */ = {isa = PBXBuildFile; fileRef = F058C1412C31B84400D127C0 /* SceneDelegate.swift */; };
		F058C1442C31B84400D127C0 /* MainPageViewController.swift in Sources */ = {isa = PBXBuildFile; fileRef = F058C1432C31B84400D127C0 /* MainPageViewController.swift */; };
		F058C1472C31B84400D127C0 /* Base in Resources */ = {isa = PBXBuildFile; fileRef = F058C1462C31B84400D127C0 /* Base */; };
		F058C1492C31B84500D127C0 /* Assets.xcassets in Resources */ = {isa = PBXBuildFile; fileRef = F058C1482C31B84500D127C0 /* Assets.xcassets */; };
		F058C14C2C31B84500D127C0 /* Base in Resources */ = {isa = PBXBuildFile; fileRef = F058C14B2C31B84500D127C0 /* Base */; };
		F0704E0E2C35C2590017AE39 /* Big_Shoulders_Display in Resources */ = {isa = PBXBuildFile; fileRef = F0704E0D2C35C2590017AE39 /* Big_Shoulders_Display */; };
		F071AC422C3C853400690791 /* PrimaryButton.swift in Sources */ = {isa = PBXBuildFile; fileRef = F071AC412C3C853400690791 /* PrimaryButton.swift */; };
		F071AC442C3CA2FA00690791 /* RangeGestureRecognizer.swift in Sources */ = {isa = PBXBuildFile; fileRef = F071AC432C3CA2FA00690791 /* RangeGestureRecognizer.swift */; };
		F076B86E2C3EE3DC00AD234E /* Hex.swift in Sources */ = {isa = PBXBuildFile; fileRef = F076B86D2C3EE3DC00AD234E /* Hex.swift */; };
		F076B8702C3EE40400AD234E /* Alert.swift in Sources */ = {isa = PBXBuildFile; fileRef = F076B86F2C3EE40400AD234E /* Alert.swift */; };
		F0A7FCDD2C3C7A1A004C360A /* CustomTextField.swift in Sources */ = {isa = PBXBuildFile; fileRef = F0A7FCDC2C3C7A1A004C360A /* CustomTextField.swift */; };
		F0AC11682C31B9CC0043C7A4 /* GoogleService-Info.plist in Resources */ = {isa = PBXBuildFile; fileRef = F0AC11672C31B9CC0043C7A4 /* GoogleService-Info.plist */; };
		F0DEADED2C3D484100E71D79 /* RegisterViewController.swift in Sources */ = {isa = PBXBuildFile; fileRef = F0DEADEC2C3D484100E71D79 /* RegisterViewController.swift */; };
		F0DEADEF2C3D708400E71D79 /* SplashScreenViewController.swift in Sources */ = {isa = PBXBuildFile; fileRef = F0DEADEE2C3D708400E71D79 /* SplashScreenViewController.swift */; };
		F0DEADF12C3DB22D00E71D79 /* AuthService.swift in Sources */ = {isa = PBXBuildFile; fileRef = F0DEADF02C3DB22D00E71D79 /* AuthService.swift */; };
		F0DEADF42C3DB27B00E71D79 /* FirebaseAuth in Frameworks */ = {isa = PBXBuildFile; productRef = F0DEADF32C3DB27B00E71D79 /* FirebaseAuth */; };
		F0DEADF62C3DB4DB00E71D79 /* HomePageViewController.swift in Sources */ = {isa = PBXBuildFile; fileRef = F0DEADF52C3DB4DB00E71D79 /* HomePageViewController.swift */; };
		F0E622742C3731840054B0F3 /* FirebaseAnalytics in Frameworks */ = {isa = PBXBuildFile; productRef = F0E622732C3731840054B0F3 /* FirebaseAnalytics */; };
		F0E622762C3731840054B0F3 /* FirebaseAnalyticsOnDeviceConversion in Frameworks */ = {isa = PBXBuildFile; productRef = F0E622752C3731840054B0F3 /* FirebaseAnalyticsOnDeviceConversion */; };
		F0E622782C3731840054B0F3 /* FirebaseAnalyticsSwift in Frameworks */ = {isa = PBXBuildFile; productRef = F0E622772C3731840054B0F3 /* FirebaseAnalyticsSwift */; };
		F0E6227A2C3731840054B0F3 /* FirebaseAnalyticsWithoutAdIdSupport in Frameworks */ = {isa = PBXBuildFile; productRef = F0E622792C3731840054B0F3 /* FirebaseAnalyticsWithoutAdIdSupport */; };
		F0E6227C2C3731840054B0F3 /* FirebaseAppCheck in Frameworks */ = {isa = PBXBuildFile; productRef = F0E6227B2C3731840054B0F3 /* FirebaseAppCheck */; };
		F0E6227E2C37344D0054B0F3 /* LoginPageViewController.swift in Sources */ = {isa = PBXBuildFile; fileRef = F0E6227D2C37344D0054B0F3 /* LoginPageViewController.swift */; };
		F0E93F5E2C3C70C80069EE39 /* CustomLabel.swift in Sources */ = {isa = PBXBuildFile; fileRef = F0E93F5D2C3C70C80069EE39 /* CustomLabel.swift */; };
/* End PBXBuildFile section */

/* Begin PBXFileReference section */
		F044C3F62C4405FB00F16145 /* ForgotPasswordViewController.swift */ = {isa = PBXFileReference; lastKnownFileType = sourcecode.swift; path = ForgotPasswordViewController.swift; sourceTree = "<group>"; };
		F058C13C2C31B84400D127C0 /* CepteSaham.app */ = {isa = PBXFileReference; explicitFileType = wrapper.application; includeInIndex = 0; path = CepteSaham.app; sourceTree = BUILT_PRODUCTS_DIR; };
		F058C13F2C31B84400D127C0 /* AppDelegate.swift */ = {isa = PBXFileReference; lastKnownFileType = sourcecode.swift; path = AppDelegate.swift; sourceTree = "<group>"; };
		F058C1412C31B84400D127C0 /* SceneDelegate.swift */ = {isa = PBXFileReference; lastKnownFileType = sourcecode.swift; path = SceneDelegate.swift; sourceTree = "<group>"; };
		F058C1432C31B84400D127C0 /* MainPageViewController.swift */ = {isa = PBXFileReference; lastKnownFileType = sourcecode.swift; path = MainPageViewController.swift; sourceTree = "<group>"; };
		F058C1462C31B84400D127C0 /* Base */ = {isa = PBXFileReference; lastKnownFileType = file.storyboard; name = Base; path = Base.lproj/Main.storyboard; sourceTree = "<group>"; };
		F058C1482C31B84500D127C0 /* Assets.xcassets */ = {isa = PBXFileReference; lastKnownFileType = folder.assetcatalog; path = Assets.xcassets; sourceTree = "<group>"; };
		F058C14B2C31B84500D127C0 /* Base */ = {isa = PBXFileReference; lastKnownFileType = file.storyboard; name = Base; path = Base.lproj/LaunchScreen.storyboard; sourceTree = "<group>"; };
		F058C14D2C31B84500D127C0 /* Info.plist */ = {isa = PBXFileReference; lastKnownFileType = text.plist.xml; path = Info.plist; sourceTree = "<group>"; };
		F0704E0D2C35C2590017AE39 /* Big_Shoulders_Display */ = {isa = PBXFileReference; lastKnownFileType = folder; path = Big_Shoulders_Display; sourceTree = "<group>"; };
		F071AC412C3C853400690791 /* PrimaryButton.swift */ = {isa = PBXFileReference; lastKnownFileType = sourcecode.swift; path = PrimaryButton.swift; sourceTree = "<group>"; };
		F071AC432C3CA2FA00690791 /* RangeGestureRecognizer.swift */ = {isa = PBXFileReference; lastKnownFileType = sourcecode.swift; path = RangeGestureRecognizer.swift; sourceTree = "<group>"; };
		F076B86D2C3EE3DC00AD234E /* Hex.swift */ = {isa = PBXFileReference; lastKnownFileType = sourcecode.swift; path = Hex.swift; sourceTree = "<group>"; };
		F076B86F2C3EE40400AD234E /* Alert.swift */ = {isa = PBXFileReference; lastKnownFileType = sourcecode.swift; path = Alert.swift; sourceTree = "<group>"; };
		F0A7FCDC2C3C7A1A004C360A /* CustomTextField.swift */ = {isa = PBXFileReference; lastKnownFileType = sourcecode.swift; path = CustomTextField.swift; sourceTree = "<group>"; };
		F0AC11672C31B9CC0043C7A4 /* GoogleService-Info.plist */ = {isa = PBXFileReference; fileEncoding = 4; lastKnownFileType = text.plist.xml; path = "GoogleService-Info.plist"; sourceTree = "<group>"; };
		F0DEADEC2C3D484100E71D79 /* RegisterViewController.swift */ = {isa = PBXFileReference; lastKnownFileType = sourcecode.swift; path = RegisterViewController.swift; sourceTree = "<group>"; };
		F0DEADEE2C3D708400E71D79 /* SplashScreenViewController.swift */ = {isa = PBXFileReference; lastKnownFileType = sourcecode.swift; path = SplashScreenViewController.swift; sourceTree = "<group>"; };
		F0DEADF02C3DB22D00E71D79 /* AuthService.swift */ = {isa = PBXFileReference; lastKnownFileType = sourcecode.swift; path = AuthService.swift; sourceTree = "<group>"; };
		F0DEADF52C3DB4DB00E71D79 /* HomePageViewController.swift */ = {isa = PBXFileReference; lastKnownFileType = sourcecode.swift; path = HomePageViewController.swift; sourceTree = "<group>"; };
		F0E6227D2C37344D0054B0F3 /* LoginPageViewController.swift */ = {isa = PBXFileReference; lastKnownFileType = sourcecode.swift; path = LoginPageViewController.swift; sourceTree = "<group>"; };
		F0E93F5D2C3C70C80069EE39 /* CustomLabel.swift */ = {isa = PBXFileReference; lastKnownFileType = sourcecode.swift; path = CustomLabel.swift; sourceTree = "<group>"; };
/* End PBXFileReference section */

/* Begin PBXFrameworksBuildPhase section */
		F058C1392C31B84400D127C0 /* Frameworks */ = {
			isa = PBXFrameworksBuildPhase;
			buildActionMask = 2147483647;
			files = (
				F0E622782C3731840054B0F3 /* FirebaseAnalyticsSwift in Frameworks */,
				F0DEADF42C3DB27B00E71D79 /* FirebaseAuth in Frameworks */,
				F0E622742C3731840054B0F3 /* FirebaseAnalytics in Frameworks */,
				F0E622762C3731840054B0F3 /* FirebaseAnalyticsOnDeviceConversion in Frameworks */,
				F0E6227C2C3731840054B0F3 /* FirebaseAppCheck in Frameworks */,
				F0E6227A2C3731840054B0F3 /* FirebaseAnalyticsWithoutAdIdSupport in Frameworks */,
			);
			runOnlyForDeploymentPostprocessing = 0;
		};
/* End PBXFrameworksBuildPhase section */

/* Begin PBXGroup section */
		F058C1332C31B84400D127C0 = {
			isa = PBXGroup;
			children = (
				F058C13E2C31B84400D127C0 /* CepteSaham */,
				F058C13D2C31B84400D127C0 /* Products */,
			);
			sourceTree = "<group>";
		};
		F058C13D2C31B84400D127C0 /* Products */ = {
			isa = PBXGroup;
			children = (
				F058C13C2C31B84400D127C0 /* CepteSaham.app */,
			);
			name = Products;
			sourceTree = "<group>";
		};
		F058C13E2C31B84400D127C0 /* CepteSaham */ = {
			isa = PBXGroup;
			children = (
				F076B86C2C3EE38300AD234E /* Extensions */,
				F0DEADF22C3DB23800E71D79 /* Service */,
				F0E93F5A2C3C6F9C0069EE39 /* Custom */,
				F0E622712C372B3A0054B0F3 /* font */,
				F058C13F2C31B84400D127C0 /* AppDelegate.swift */,
				F058C1412C31B84400D127C0 /* SceneDelegate.swift */,
				F0DEADEE2C3D708400E71D79 /* SplashScreenViewController.swift */,
				F058C1432C31B84400D127C0 /* MainPageViewController.swift */,
				F0E6227D2C37344D0054B0F3 /* LoginPageViewController.swift */,
				F0DEADEC2C3D484100E71D79 /* RegisterViewController.swift */,
				F0DEADF52C3DB4DB00E71D79 /* HomePageViewController.swift */,
				F044C3F62C4405FB00F16145 /* ForgotPasswordViewController.swift */,
				F058C1452C31B84400D127C0 /* Main.storyboard */,
				F058C1482C31B84500D127C0 /* Assets.xcassets */,
				F058C14A2C31B84500D127C0 /* LaunchScreen.storyboard */,
				F058C14D2C31B84500D127C0 /* Info.plist */,
				F0AC11672C31B9CC0043C7A4 /* GoogleService-Info.plist */,
			);
			path = CepteSaham;
			sourceTree = "<group>";
		};
		F071AC402C3C851F00690791 /* Buttons */ = {
			isa = PBXGroup;
			children = (
				F071AC412C3C853400690791 /* PrimaryButton.swift */,
			);
			path = Buttons;
			sourceTree = "<group>";
		};
		F076B86C2C3EE38300AD234E /* Extensions */ = {
			isa = PBXGroup;
			children = (
				F076B86D2C3EE3DC00AD234E /* Hex.swift */,
				F076B86F2C3EE40400AD234E /* Alert.swift */,
			);
			path = Extensions;
			sourceTree = "<group>";
		};
		F0DEADF22C3DB23800E71D79 /* Service */ = {
			isa = PBXGroup;
			children = (
				F0DEADF02C3DB22D00E71D79 /* AuthService.swift */,
			);
			path = Service;
			sourceTree = "<group>";
		};
		F0E622712C372B3A0054B0F3 /* font */ = {
			isa = PBXGroup;
			children = (
				F0704E0D2C35C2590017AE39 /* Big_Shoulders_Display */,
			);
			path = font;
			sourceTree = "<group>";
		};
		F0E93F5A2C3C6F9C0069EE39 /* Custom */ = {
			isa = PBXGroup;
			children = (
				F071AC402C3C851F00690791 /* Buttons */,
				F071AC432C3CA2FA00690791 /* RangeGestureRecognizer.swift */,
				F0E93F5D2C3C70C80069EE39 /* CustomLabel.swift */,
				F0A7FCDC2C3C7A1A004C360A /* CustomTextField.swift */,
			);
			path = Custom;
			sourceTree = "<group>";
		};
/* End PBXGroup section */

/* Begin PBXNativeTarget section */
		F058C13B2C31B84400D127C0 /* CepteSaham */ = {
			isa = PBXNativeTarget;
			buildConfigurationList = F058C1502C31B84500D127C0 /* Build configuration list for PBXNativeTarget "CepteSaham" */;
			buildPhases = (
				F058C1382C31B84400D127C0 /* Sources */,
				F058C1392C31B84400D127C0 /* Frameworks */,
				F058C13A2C31B84400D127C0 /* Resources */,
			);
			buildRules = (
			);
			dependencies = (
			);
			name = CepteSaham;
			packageProductDependencies = (
				F0E622732C3731840054B0F3 /* FirebaseAnalytics */,
				F0E622752C3731840054B0F3 /* FirebaseAnalyticsOnDeviceConversion */,
				F0E622772C3731840054B0F3 /* FirebaseAnalyticsSwift */,
				F0E622792C3731840054B0F3 /* FirebaseAnalyticsWithoutAdIdSupport */,
				F0E6227B2C3731840054B0F3 /* FirebaseAppCheck */,
				F0DEADF32C3DB27B00E71D79 /* FirebaseAuth */,
			);
			productName = CepteSaham;
			productReference = F058C13C2C31B84400D127C0 /* CepteSaham.app */;
			productType = "com.apple.product-type.application";
		};
/* End PBXNativeTarget section */

/* Begin PBXProject section */
		F058C1342C31B84400D127C0 /* Project object */ = {
			isa = PBXProject;
			attributes = {
				BuildIndependentTargetsInParallel = 1;
				LastSwiftUpdateCheck = 1540;
				LastUpgradeCheck = 1540;
				TargetAttributes = {
					F058C13B2C31B84400D127C0 = {
						CreatedOnToolsVersion = 15.4;
					};
				};
			};
			buildConfigurationList = F058C1372C31B84400D127C0 /* Build configuration list for PBXProject "CepteSaham" */;
			compatibilityVersion = "Xcode 14.0";
			developmentRegion = en;
			hasScannedForEncodings = 0;
			knownRegions = (
				en,
				Base,
			);
			mainGroup = F058C1332C31B84400D127C0;
			packageReferences = (
				F0E622722C3731840054B0F3 /* XCRemoteSwiftPackageReference "firebase-ios-sdk" */,
			);
			productRefGroup = F058C13D2C31B84400D127C0 /* Products */;
			projectDirPath = "";
			projectRoot = "";
			targets = (
				F058C13B2C31B84400D127C0 /* CepteSaham */,
			);
		};
/* End PBXProject section */

/* Begin PBXResourcesBuildPhase section */
		F058C13A2C31B84400D127C0 /* Resources */ = {
			isa = PBXResourcesBuildPhase;
			buildActionMask = 2147483647;
			files = (
				F058C1492C31B84500D127C0 /* Assets.xcassets in Resources */,
				F0704E0E2C35C2590017AE39 /* Big_Shoulders_Display in Resources */,
				F0AC11682C31B9CC0043C7A4 /* GoogleService-Info.plist in Resources */,
				F058C14C2C31B84500D127C0 /* Base in Resources */,
				F058C1472C31B84400D127C0 /* Base in Resources */,
			);
			runOnlyForDeploymentPostprocessing = 0;
		};
/* End PBXResourcesBuildPhase section */

/* Begin PBXSourcesBuildPhase section */
		F058C1382C31B84400D127C0 /* Sources */ = {
			isa = PBXSourcesBuildPhase;
			buildActionMask = 2147483647;
			files = (
				F0DEADED2C3D484100E71D79 /* RegisterViewController.swift in Sources */,
				F058C1442C31B84400D127C0 /* MainPageViewController.swift in Sources */,
				F0E93F5E2C3C70C80069EE39 /* CustomLabel.swift in Sources */,
				F0A7FCDD2C3C7A1A004C360A /* CustomTextField.swift in Sources */,
				F071AC442C3CA2FA00690791 /* RangeGestureRecognizer.swift in Sources */,
				F0DEADF12C3DB22D00E71D79 /* AuthService.swift in Sources */,
				F076B8702C3EE40400AD234E /* Alert.swift in Sources */,
				F0E6227E2C37344D0054B0F3 /* LoginPageViewController.swift in Sources */,
				F071AC422C3C853400690791 /* PrimaryButton.swift in Sources */,
				F0DEADF62C3DB4DB00E71D79 /* HomePageViewController.swift in Sources */,
				F058C1402C31B84400D127C0 /* AppDelegate.swift in Sources */,
				F0DEADEF2C3D708400E71D79 /* SplashScreenViewController.swift in Sources */,
				F044C3F72C4405FB00F16145 /* ForgotPasswordViewController.swift in Sources */,
				F076B86E2C3EE3DC00AD234E /* Hex.swift in Sources */,
				F058C1422C31B84400D127C0 /* SceneDelegate.swift in Sources */,
			);
			runOnlyForDeploymentPostprocessing = 0;
		};
/* End PBXSourcesBuildPhase section */

/* Begin PBXVariantGroup section */
		F058C1452C31B84400D127C0 /* Main.storyboard */ = {
			isa = PBXVariantGroup;
			children = (
				F058C1462C31B84400D127C0 /* Base */,
			);
			name = Main.storyboard;
			sourceTree = "<group>";
		};
		F058C14A2C31B84500D127C0 /* LaunchScreen.storyboard */ = {
			isa = PBXVariantGroup;
			children = (
				F058C14B2C31B84500D127C0 /* Base */,
			);
			name = LaunchScreen.storyboard;
			sourceTree = "<group>";
		};
/* End PBXVariantGroup section */

/* Begin XCBuildConfiguration section */
		F058C14E2C31B84500D127C0 /* Debug */ = {
			isa = XCBuildConfiguration;
			buildSettings = {
				ALWAYS_SEARCH_USER_PATHS = NO;
				ASSETCATALOG_COMPILER_GENERATE_SWIFT_ASSET_SYMBOL_EXTENSIONS = YES;
				CLANG_ANALYZER_NONNULL = YES;
				CLANG_ANALYZER_NUMBER_OBJECT_CONVERSION = YES_AGGRESSIVE;
				CLANG_CXX_LANGUAGE_STANDARD = "gnu++20";
				CLANG_ENABLE_MODULES = YES;
				CLANG_ENABLE_OBJC_ARC = YES;
				CLANG_ENABLE_OBJC_WEAK = YES;
				CLANG_WARN_BLOCK_CAPTURE_AUTORELEASING = YES;
				CLANG_WARN_BOOL_CONVERSION = YES;
				CLANG_WARN_COMMA = YES;
				CLANG_WARN_CONSTANT_CONVERSION = YES;
				CLANG_WARN_DEPRECATED_OBJC_IMPLEMENTATIONS = YES;
				CLANG_WARN_DIRECT_OBJC_ISA_USAGE = YES_ERROR;
				CLANG_WARN_DOCUMENTATION_COMMENTS = YES;
				CLANG_WARN_EMPTY_BODY = YES;
				CLANG_WARN_ENUM_CONVERSION = YES;
				CLANG_WARN_INFINITE_RECURSION = YES;
				CLANG_WARN_INT_CONVERSION = YES;
				CLANG_WARN_NON_LITERAL_NULL_CONVERSION = YES;
				CLANG_WARN_OBJC_IMPLICIT_RETAIN_SELF = YES;
				CLANG_WARN_OBJC_LITERAL_CONVERSION = YES;
				CLANG_WARN_OBJC_ROOT_CLASS = YES_ERROR;
				CLANG_WARN_QUOTED_INCLUDE_IN_FRAMEWORK_HEADER = YES;
				CLANG_WARN_RANGE_LOOP_ANALYSIS = YES;
				CLANG_WARN_STRICT_PROTOTYPES = YES;
				CLANG_WARN_SUSPICIOUS_MOVE = YES;
				CLANG_WARN_UNGUARDED_AVAILABILITY = YES_AGGRESSIVE;
				CLANG_WARN_UNREACHABLE_CODE = YES;
				CLANG_WARN__DUPLICATE_METHOD_MATCH = YES;
				COPY_PHASE_STRIP = NO;
				DEBUG_INFORMATION_FORMAT = dwarf;
				ENABLE_STRICT_OBJC_MSGSEND = YES;
				ENABLE_TESTABILITY = YES;
				ENABLE_USER_SCRIPT_SANDBOXING = YES;
				GCC_C_LANGUAGE_STANDARD = gnu17;
				GCC_DYNAMIC_NO_PIC = NO;
				GCC_NO_COMMON_BLOCKS = YES;
				GCC_OPTIMIZATION_LEVEL = 0;
				GCC_PREPROCESSOR_DEFINITIONS = (
					"DEBUG=1",
					"$(inherited)",
				);
				GCC_WARN_64_TO_32_BIT_CONVERSION = YES;
				GCC_WARN_ABOUT_RETURN_TYPE = YES_ERROR;
				GCC_WARN_UNDECLARED_SELECTOR = YES;
				GCC_WARN_UNINITIALIZED_AUTOS = YES_AGGRESSIVE;
				GCC_WARN_UNUSED_FUNCTION = YES;
				GCC_WARN_UNUSED_VARIABLE = YES;
				IPHONEOS_DEPLOYMENT_TARGET = 17.5;
				LOCALIZATION_PREFERS_STRING_CATALOGS = YES;
				MTL_ENABLE_DEBUG_INFO = INCLUDE_SOURCE;
				MTL_FAST_MATH = YES;
				ONLY_ACTIVE_ARCH = YES;
				SDKROOT = iphoneos;
				SWIFT_ACTIVE_COMPILATION_CONDITIONS = "DEBUG $(inherited)";
				SWIFT_OPTIMIZATION_LEVEL = "-Onone";
			};
			name = Debug;
		};
		F058C14F2C31B84500D127C0 /* Release */ = {
			isa = XCBuildConfiguration;
			buildSettings = {
				ALWAYS_SEARCH_USER_PATHS = NO;
				ASSETCATALOG_COMPILER_GENERATE_SWIFT_ASSET_SYMBOL_EXTENSIONS = YES;
				CLANG_ANALYZER_NONNULL = YES;
				CLANG_ANALYZER_NUMBER_OBJECT_CONVERSION = YES_AGGRESSIVE;
				CLANG_CXX_LANGUAGE_STANDARD = "gnu++20";
				CLANG_ENABLE_MODULES = YES;
				CLANG_ENABLE_OBJC_ARC = YES;
				CLANG_ENABLE_OBJC_WEAK = YES;
				CLANG_WARN_BLOCK_CAPTURE_AUTORELEASING = YES;
				CLANG_WARN_BOOL_CONVERSION = YES;
				CLANG_WARN_COMMA = YES;
				CLANG_WARN_CONSTANT_CONVERSION = YES;
				CLANG_WARN_DEPRECATED_OBJC_IMPLEMENTATIONS = YES;
				CLANG_WARN_DIRECT_OBJC_ISA_USAGE = YES_ERROR;
				CLANG_WARN_DOCUMENTATION_COMMENTS = YES;
				CLANG_WARN_EMPTY_BODY = YES;
				CLANG_WARN_ENUM_CONVERSION = YES;
				CLANG_WARN_INFINITE_RECURSION = YES;
				CLANG_WARN_INT_CONVERSION = YES;
				CLANG_WARN_NON_LITERAL_NULL_CONVERSION = YES;
				CLANG_WARN_OBJC_IMPLICIT_RETAIN_SELF = YES;
				CLANG_WARN_OBJC_LITERAL_CONVERSION = YES;
				CLANG_WARN_OBJC_ROOT_CLASS = YES_ERROR;
				CLANG_WARN_QUOTED_INCLUDE_IN_FRAMEWORK_HEADER = YES;
				CLANG_WARN_RANGE_LOOP_ANALYSIS = YES;
				CLANG_WARN_STRICT_PROTOTYPES = YES;
				CLANG_WARN_SUSPICIOUS_MOVE = YES;
				CLANG_WARN_UNGUARDED_AVAILABILITY = YES_AGGRESSIVE;
				CLANG_WARN_UNREACHABLE_CODE = YES;
				CLANG_WARN__DUPLICATE_METHOD_MATCH = YES;
				COPY_PHASE_STRIP = NO;
				DEBUG_INFORMATION_FORMAT = "dwarf-with-dsym";
				ENABLE_NS_ASSERTIONS = NO;
				ENABLE_STRICT_OBJC_MSGSEND = YES;
				ENABLE_USER_SCRIPT_SANDBOXING = YES;
				GCC_C_LANGUAGE_STANDARD = gnu17;
				GCC_NO_COMMON_BLOCKS = YES;
				GCC_WARN_64_TO_32_BIT_CONVERSION = YES;
				GCC_WARN_ABOUT_RETURN_TYPE = YES_ERROR;
				GCC_WARN_UNDECLARED_SELECTOR = YES;
				GCC_WARN_UNINITIALIZED_AUTOS = YES_AGGRESSIVE;
				GCC_WARN_UNUSED_FUNCTION = YES;
				GCC_WARN_UNUSED_VARIABLE = YES;
				IPHONEOS_DEPLOYMENT_TARGET = 17.5;
				LOCALIZATION_PREFERS_STRING_CATALOGS = YES;
				MTL_ENABLE_DEBUG_INFO = NO;
				MTL_FAST_MATH = YES;
				SDKROOT = iphoneos;
				SWIFT_COMPILATION_MODE = wholemodule;
				VALIDATE_PRODUCT = YES;
			};
			name = Release;
		};
		F058C1512C31B84500D127C0 /* Debug */ = {
			isa = XCBuildConfiguration;
			buildSettings = {
				ASSETCATALOG_COMPILER_APPICON_NAME = AppIcon;
				ASSETCATALOG_COMPILER_GLOBAL_ACCENT_COLOR_NAME = AccentColor;
				CODE_SIGN_STYLE = Automatic;
				CURRENT_PROJECT_VERSION = 1;
				DEVELOPMENT_TEAM = 4J4D5N9RFK;
				GENERATE_INFOPLIST_FILE = YES;
				INFOPLIST_FILE = CepteSaham/Info.plist;
				INFOPLIST_KEY_UIApplicationSupportsIndirectInputEvents = YES;
				INFOPLIST_KEY_UILaunchStoryboardName = LaunchScreen.storyboard;
				INFOPLIST_KEY_UIMainStoryboardFile = Main;
				INFOPLIST_KEY_UISupportedInterfaceOrientations_iPad = "UIInterfaceOrientationPortrait UIInterfaceOrientationPortraitUpsideDown UIInterfaceOrientationLandscapeLeft UIInterfaceOrientationLandscapeRight";
				INFOPLIST_KEY_UISupportedInterfaceOrientations_iPhone = "UIInterfaceOrientationPortrait UIInterfaceOrientationLandscapeLeft UIInterfaceOrientationLandscapeRight";
				IPHONEOS_DEPLOYMENT_TARGET = 17.5;
				LD_RUNPATH_SEARCH_PATHS = (
					"$(inherited)",
					"@executable_path/Frameworks",
				);
				MARKETING_VERSION = 1.0;
				PRODUCT_BUNDLE_IDENTIFIER = com.CepteSaham.CepteSaham;
				PRODUCT_NAME = "$(TARGET_NAME)";
				SWIFT_EMIT_LOC_STRINGS = YES;
				SWIFT_VERSION = 5.0;
				TARGETED_DEVICE_FAMILY = "1,2";
			};
			name = Debug;
		};
		F058C1522C31B84500D127C0 /* Release */ = {
			isa = XCBuildConfiguration;
			buildSettings = {
				ASSETCATALOG_COMPILER_APPICON_NAME = AppIcon;
				ASSETCATALOG_COMPILER_GLOBAL_ACCENT_COLOR_NAME = AccentColor;
				CODE_SIGN_STYLE = Automatic;
				CURRENT_PROJECT_VERSION = 1;
				DEVELOPMENT_TEAM = 4J4D5N9RFK;
				GENERATE_INFOPLIST_FILE = YES;
				INFOPLIST_FILE = CepteSaham/Info.plist;
				INFOPLIST_KEY_UIApplicationSupportsIndirectInputEvents = YES;
				INFOPLIST_KEY_UILaunchStoryboardName = LaunchScreen.storyboard;
				INFOPLIST_KEY_UIMainStoryboardFile = Main;
				INFOPLIST_KEY_UISupportedInterfaceOrientations_iPad = "UIInterfaceOrientationPortrait UIInterfaceOrientationPortraitUpsideDown UIInterfaceOrientationLandscapeLeft UIInterfaceOrientationLandscapeRight";
				INFOPLIST_KEY_UISupportedInterfaceOrientations_iPhone = "UIInterfaceOrientationPortrait UIInterfaceOrientationLandscapeLeft UIInterfaceOrientationLandscapeRight";
				IPHONEOS_DEPLOYMENT_TARGET = 17.5;
				LD_RUNPATH_SEARCH_PATHS = (
					"$(inherited)",
					"@executable_path/Frameworks",
				);
				MARKETING_VERSION = 1.0;
				PRODUCT_BUNDLE_IDENTIFIER = com.CepteSaham.CepteSaham;
				PRODUCT_NAME = "$(TARGET_NAME)";
				SWIFT_EMIT_LOC_STRINGS = YES;
				SWIFT_VERSION = 5.0;
				TARGETED_DEVICE_FAMILY = "1,2";
			};
			name = Release;
		};
/* End XCBuildConfiguration section */

/* Begin XCConfigurationList section */
		F058C1372C31B84400D127C0 /* Build configuration list for PBXProject "CepteSaham" */ = {
			isa = XCConfigurationList;
			buildConfigurations = (
				F058C14E2C31B84500D127C0 /* Debug */,
				F058C14F2C31B84500D127C0 /* Release */,
			);
			defaultConfigurationIsVisible = 0;
			defaultConfigurationName = Release;
		};
		F058C1502C31B84500D127C0 /* Build configuration list for PBXNativeTarget "CepteSaham" */ = {
			isa = XCConfigurationList;
			buildConfigurations = (
				F058C1512C31B84500D127C0 /* Debug */,
				F058C1522C31B84500D127C0 /* Release */,
			);
			defaultConfigurationIsVisible = 0;
			defaultConfigurationName = Release;
		};
/* End XCConfigurationList section */

/* Begin XCRemoteSwiftPackageReference section */
		F0E622722C3731840054B0F3 /* XCRemoteSwiftPackageReference "firebase-ios-sdk" */ = {
			isa = XCRemoteSwiftPackageReference;
			repositoryURL = "https://github.com/firebase/firebase-ios-sdk";
			requirement = {
				kind = upToNextMajorVersion;
				minimumVersion = 10.28.1;
			};
		};
/* End XCRemoteSwiftPackageReference section */

/* Begin XCSwiftPackageProductDependency section */
		F0DEADF32C3DB27B00E71D79 /* FirebaseAuth */ = {
			isa = XCSwiftPackageProductDependency;
			package = F0E622722C3731840054B0F3 /* XCRemoteSwiftPackageReference "firebase-ios-sdk" */;
			productName = FirebaseAuth;
		};
		F0E622732C3731840054B0F3 /* FirebaseAnalytics */ = {
			isa = XCSwiftPackageProductDependency;
			package = F0E622722C3731840054B0F3 /* XCRemoteSwiftPackageReference "firebase-ios-sdk" */;
			productName = FirebaseAnalytics;
		};
		F0E622752C3731840054B0F3 /* FirebaseAnalyticsOnDeviceConversion */ = {
			isa = XCSwiftPackageProductDependency;
			package = F0E622722C3731840054B0F3 /* XCRemoteSwiftPackageReference "firebase-ios-sdk" */;
			productName = FirebaseAnalyticsOnDeviceConversion;
		};
		F0E622772C3731840054B0F3 /* FirebaseAnalyticsSwift */ = {
			isa = XCSwiftPackageProductDependency;
			package = F0E622722C3731840054B0F3 /* XCRemoteSwiftPackageReference "firebase-ios-sdk" */;
			productName = FirebaseAnalyticsSwift;
		};
		F0E622792C3731840054B0F3 /* FirebaseAnalyticsWithoutAdIdSupport */ = {
			isa = XCSwiftPackageProductDependency;
			package = F0E622722C3731840054B0F3 /* XCRemoteSwiftPackageReference "firebase-ios-sdk" */;
			productName = FirebaseAnalyticsWithoutAdIdSupport;
		};
		F0E6227B2C3731840054B0F3 /* FirebaseAppCheck */ = {
			isa = XCSwiftPackageProductDependency;
			package = F0E622722C3731840054B0F3 /* XCRemoteSwiftPackageReference "firebase-ios-sdk" */;
			productName = FirebaseAppCheck;
		};
/* End XCSwiftPackageProductDependency section */
	};
	rootObject = F058C1342C31B84400D127C0 /* Project object */;
}
